// !$*UTF8*$!
{
	archiveVersion = 1;
	classes = {
	};
	objectVersion = 46;
	objects = {

/* Begin PBXBuildFile section */
		881410D0D21139B40F2F07AF /* Pods_GeoPhotosTests.framework in Frameworks */ = {isa = PBXBuildFile; fileRef = 51F1B064005A2A89D105C0A8 /* Pods_GeoPhotosTests.framework */; };
		9C7C644AD9A2B0231132EBEA /* Pods_GeoPhotos.framework in Frameworks */ = {isa = PBXBuildFile; fileRef = A11B2908224394312F19F73D /* Pods_GeoPhotos.framework */; };
		AA2A36C31D0D063C008C6231 /* ImagePreviewController.swift in Sources */ = {isa = PBXBuildFile; fileRef = AA2A36C11D0D063C008C6231 /* ImagePreviewController.swift */; };
		AA3CB6B41D0D6A17001BAF16 /* DetailTabViewController.swift in Sources */ = {isa = PBXBuildFile; fileRef = AA3CB6AE1D0D6A17001BAF16 /* DetailTabViewController.swift */; };
		AA3CB6B51D0D6A17001BAF16 /* ImagePropertyItem.swift in Sources */ = {isa = PBXBuildFile; fileRef = AA3CB6AF1D0D6A17001BAF16 /* ImagePropertyItem.swift */; };
		AA3CB6B61D0D6A17001BAF16 /* TabInfoViewController.swift in Sources */ = {isa = PBXBuildFile; fileRef = AA3CB6B01D0D6A17001BAF16 /* TabInfoViewController.swift */; };
		AA3CB6B71D0D6A17001BAF16 /* TabInfoViewController.xib in Resources */ = {isa = PBXBuildFile; fileRef = AA3CB6B11D0D6A17001BAF16 /* TabInfoViewController.xib */; };
		AA3CB6B81D0D6A17001BAF16 /* TabThumbViewController.swift in Sources */ = {isa = PBXBuildFile; fileRef = AA3CB6B21D0D6A17001BAF16 /* TabThumbViewController.swift */; };
		AA3CB6B91D0D6A17001BAF16 /* TabThumbViewController.xib in Resources */ = {isa = PBXBuildFile; fileRef = AA3CB6B31D0D6A17001BAF16 /* TabThumbViewController.xib */; };
		AA3CB6BB1D0D6A4F001BAF16 /* ImageHelper.swift in Sources */ = {isa = PBXBuildFile; fileRef = AA3CB6BA1D0D6A4F001BAF16 /* ImageHelper.swift */; };
		AA6A00F21D0820AD0058E72F /* NSDateFormatter+Extensions.swift in Sources */ = {isa = PBXBuildFile; fileRef = AA6A00F11D0820AD0058E72F /* NSDateFormatter+Extensions.swift */; };
		AA900EE81D0E5A89003FE31E /* ImageDetailViewController.swift in Sources */ = {isa = PBXBuildFile; fileRef = AA900EE61D0E5A89003FE31E /* ImageDetailViewController.swift */; };
		AAE9316C1D0FF56C00A7238F /* MainWindowController.xib in Resources */ = {isa = PBXBuildFile; fileRef = AAE9316E1D0FF56C00A7238F /* MainWindowController.xib */; };
		AAE931731D0FF57C00A7238F /* ImageDetailViewController.xib in Resources */ = {isa = PBXBuildFile; fileRef = AAE931751D0FF57C00A7238F /* ImageDetailViewController.xib */; };
		AAE9317C1D0FFA3900A7238F /* Localizable.strings in Resources */ = {isa = PBXBuildFile; fileRef = AAE9317E1D0FFA3900A7238F /* Localizable.strings */; };
		AAEAD4051D0698F600B7EF6B /* AppDelegate.swift in Sources */ = {isa = PBXBuildFile; fileRef = AAEAD4041D0698F600B7EF6B /* AppDelegate.swift */; };
		AAEAD4071D0698F600B7EF6B /* Assets.xcassets in Resources */ = {isa = PBXBuildFile; fileRef = AAEAD4061D0698F600B7EF6B /* Assets.xcassets */; };
		AAEAD40A1D0698F600B7EF6B /* MainMenu.xib in Resources */ = {isa = PBXBuildFile; fileRef = AAEAD4081D0698F600B7EF6B /* MainMenu.xib */; };
		AAEAD4151D0698F600B7EF6B /* GeoPhotosTests.swift in Sources */ = {isa = PBXBuildFile; fileRef = AAEAD4141D0698F600B7EF6B /* GeoPhotosTests.swift */; };
		AAEAD4241D069A6200B7EF6B /* MapKit.framework in Frameworks */ = {isa = PBXBuildFile; fileRef = AAEAD4231D069A6200B7EF6B /* MapKit.framework */; };
		AAEAD4261D069A6800B7EF6B /* CoreLocation.framework in Frameworks */ = {isa = PBXBuildFile; fileRef = AAEAD4251D069A6800B7EF6B /* CoreLocation.framework */; };
		AAEAD4291D06A42900B7EF6B /* MainWindowController.swift in Sources */ = {isa = PBXBuildFile; fileRef = AAEAD4271D06A42900B7EF6B /* MainWindowController.swift */; };
		AAEAD42D1D06B1F400B7EF6B /* ImageItem.swift in Sources */ = {isa = PBXBuildFile; fileRef = AAEAD42C1D06B1F400B7EF6B /* ImageItem.swift */; };
		AAEAD4301D06B4D500B7EF6B /* ExifUtils.swift in Sources */ = {isa = PBXBuildFile; fileRef = AAEAD42F1D06B4D500B7EF6B /* ExifUtils.swift */; };
		AAEAD4331D06BC5A00B7EF6B /* NSURL+Extensions.swift in Sources */ = {isa = PBXBuildFile; fileRef = AAEAD4321D06BC5A00B7EF6B /* NSURL+Extensions.swift */; };
		AAEAD4371D06BD3800B7EF6B /* Constants.swift in Sources */ = {isa = PBXBuildFile; fileRef = AAEAD4361D06BD3800B7EF6B /* Constants.swift */; };
		AAEBF8E21D092CB40025D405 /* ImageProcessor.swift in Sources */ = {isa = PBXBuildFile; fileRef = AAEBF8E11D092CB40025D405 /* ImageProcessor.swift */; };
		AAEBF8E41D0946B20025D405 /* DecimalOnlyNumberFormatter.swift in Sources */ = {isa = PBXBuildFile; fileRef = AAEBF8E31D0946B20025D405 /* DecimalOnlyNumberFormatter.swift */; };
/* End PBXBuildFile section */

/* Begin PBXContainerItemProxy section */
		AAEAD4111D0698F600B7EF6B /* PBXContainerItemProxy */ = {
			isa = PBXContainerItemProxy;
			containerPortal = AAEAD3F91D0698F600B7EF6B /* Project object */;
			proxyType = 1;
			remoteGlobalIDString = AAEAD4001D0698F600B7EF6B;
			remoteInfo = GeoPhotos;
		};
/* End PBXContainerItemProxy section */

/* Begin PBXFileReference section */
		2BCFD4076B2247311CD1E2E6 /* Pods-GeoPhotos.release.xcconfig */ = {isa = PBXFileReference; includeInIndex = 1; lastKnownFileType = text.xcconfig; name = "Pods-GeoPhotos.release.xcconfig"; path = "Pods/Target Support Files/Pods-GeoPhotos/Pods-GeoPhotos.release.xcconfig"; sourceTree = "<group>"; };
		51F1B064005A2A89D105C0A8 /* Pods_GeoPhotosTests.framework */ = {isa = PBXFileReference; explicitFileType = wrapper.framework; includeInIndex = 0; path = Pods_GeoPhotosTests.framework; sourceTree = BUILT_PRODUCTS_DIR; };
		9FB8962CF26D0B06A4AF9EA8 /* Pods-GeoPhotosTests.debug.xcconfig */ = {isa = PBXFileReference; includeInIndex = 1; lastKnownFileType = text.xcconfig; name = "Pods-GeoPhotosTests.debug.xcconfig"; path = "Pods/Target Support Files/Pods-GeoPhotosTests/Pods-GeoPhotosTests.debug.xcconfig"; sourceTree = "<group>"; };
		A11B2908224394312F19F73D /* Pods_GeoPhotos.framework */ = {isa = PBXFileReference; explicitFileType = wrapper.framework; includeInIndex = 0; path = Pods_GeoPhotos.framework; sourceTree = BUILT_PRODUCTS_DIR; };
		AA2A36C11D0D063C008C6231 /* ImagePreviewController.swift */ = {isa = PBXFileReference; fileEncoding = 4; lastKnownFileType = sourcecode.swift; path = ImagePreviewController.swift; sourceTree = "<group>"; };
		AA3CB6AE1D0D6A17001BAF16 /* DetailTabViewController.swift */ = {isa = PBXFileReference; fileEncoding = 4; lastKnownFileType = sourcecode.swift; path = DetailTabViewController.swift; sourceTree = "<group>"; };
		AA3CB6AF1D0D6A17001BAF16 /* ImagePropertyItem.swift */ = {isa = PBXFileReference; fileEncoding = 4; lastKnownFileType = sourcecode.swift; path = ImagePropertyItem.swift; sourceTree = "<group>"; };
		AA3CB6B01D0D6A17001BAF16 /* TabInfoViewController.swift */ = {isa = PBXFileReference; fileEncoding = 4; lastKnownFileType = sourcecode.swift; path = TabInfoViewController.swift; sourceTree = "<group>"; };
		AA3CB6B11D0D6A17001BAF16 /* TabInfoViewController.xib */ = {isa = PBXFileReference; fileEncoding = 4; lastKnownFileType = file.xib; path = TabInfoViewController.xib; sourceTree = "<group>"; };
		AA3CB6B21D0D6A17001BAF16 /* TabThumbViewController.swift */ = {isa = PBXFileReference; fileEncoding = 4; lastKnownFileType = sourcecode.swift; path = TabThumbViewController.swift; sourceTree = "<group>"; };
		AA3CB6B31D0D6A17001BAF16 /* TabThumbViewController.xib */ = {isa = PBXFileReference; fileEncoding = 4; lastKnownFileType = file.xib; path = TabThumbViewController.xib; sourceTree = "<group>"; };
		AA3CB6BA1D0D6A4F001BAF16 /* ImageHelper.swift */ = {isa = PBXFileReference; fileEncoding = 4; lastKnownFileType = sourcecode.swift; path = ImageHelper.swift; sourceTree = "<group>"; };
		AA6A00F11D0820AD0058E72F /* NSDateFormatter+Extensions.swift */ = {isa = PBXFileReference; fileEncoding = 4; lastKnownFileType = sourcecode.swift; path = "NSDateFormatter+Extensions.swift"; sourceTree = "<group>"; };
		AA900EE61D0E5A89003FE31E /* ImageDetailViewController.swift */ = {isa = PBXFileReference; fileEncoding = 4; lastKnownFileType = sourcecode.swift; path = ImageDetailViewController.swift; sourceTree = "<group>"; };
		AAE931621D0FF54800A7238F /* en */ = {isa = PBXFileReference; lastKnownFileType = text.plist.strings; name = en; path = en.lproj/MainMenu.strings; sourceTree = "<group>"; };
		AAE931641D0FF54A00A7238F /* zh-Hans */ = {isa = PBXFileReference; lastKnownFileType = text.plist.strings; name = "zh-Hans"; path = "zh-Hans.lproj/MainMenu.strings"; sourceTree = "<group>"; };
		AAE9316D1D0FF56C00A7238F /* Base */ = {isa = PBXFileReference; lastKnownFileType = file.xib; name = Base; path = Base.lproj/MainWindowController.xib; sourceTree = "<group>"; };
		AAE931701D0FF56E00A7238F /* en */ = {isa = PBXFileReference; lastKnownFileType = text.plist.strings; name = en; path = en.lproj/MainWindowController.strings; sourceTree = "<group>"; };
		AAE931721D0FF57000A7238F /* zh-Hans */ = {isa = PBXFileReference; lastKnownFileType = text.plist.strings; name = "zh-Hans"; path = "zh-Hans.lproj/MainWindowController.strings"; sourceTree = "<group>"; };
		AAE931741D0FF57C00A7238F /* Base */ = {isa = PBXFileReference; lastKnownFileType = file.xib; name = Base; path = Base.lproj/ImageDetailViewController.xib; sourceTree = "<group>"; };
		AAE931771D0FF57E00A7238F /* en */ = {isa = PBXFileReference; lastKnownFileType = text.plist.strings; name = en; path = en.lproj/ImageDetailViewController.strings; sourceTree = "<group>"; };
		AAE931791D0FF58000A7238F /* zh-Hans */ = {isa = PBXFileReference; lastKnownFileType = text.plist.strings; name = "zh-Hans"; path = "zh-Hans.lproj/ImageDetailViewController.strings"; sourceTree = "<group>"; };
		AAE9317D1D0FFA3900A7238F /* Base */ = {isa = PBXFileReference; fileEncoding = 4; lastKnownFileType = text.plist.strings; name = Base; path = Base.lproj/Localizable.strings; sourceTree = "<group>"; };
		AAE9317F1D0FFA3B00A7238F /* en */ = {isa = PBXFileReference; fileEncoding = 4; lastKnownFileType = text.plist.strings; name = en; path = en.lproj/Localizable.strings; sourceTree = "<group>"; };
		AAE931801D0FFA3C00A7238F /* zh-Hans */ = {isa = PBXFileReference; fileEncoding = 4; lastKnownFileType = text.plist.strings; name = "zh-Hans"; path = "zh-Hans.lproj/Localizable.strings"; sourceTree = "<group>"; };
		AAEAD4011D0698F600B7EF6B /* GeoPhotos.app */ = {isa = PBXFileReference; explicitFileType = wrapper.application; includeInIndex = 0; path = GeoPhotos.app; sourceTree = BUILT_PRODUCTS_DIR; };
		AAEAD4041D0698F600B7EF6B /* AppDelegate.swift */ = {isa = PBXFileReference; lastKnownFileType = sourcecode.swift; path = AppDelegate.swift; sourceTree = "<group>"; };
		AAEAD4061D0698F600B7EF6B /* Assets.xcassets */ = {isa = PBXFileReference; lastKnownFileType = folder.assetcatalog; path = Assets.xcassets; sourceTree = "<group>"; };
		AAEAD4091D0698F600B7EF6B /* Base */ = {isa = PBXFileReference; lastKnownFileType = file.xib; name = Base; path = Base.lproj/MainMenu.xib; sourceTree = "<group>"; };
		AAEAD40B1D0698F600B7EF6B /* Info.plist */ = {isa = PBXFileReference; lastKnownFileType = text.plist.xml; path = Info.plist; sourceTree = "<group>"; };
		AAEAD4101D0698F600B7EF6B /* GeoPhotosTests.xctest */ = {isa = PBXFileReference; explicitFileType = wrapper.cfbundle; includeInIndex = 0; path = GeoPhotosTests.xctest; sourceTree = BUILT_PRODUCTS_DIR; };
		AAEAD4141D0698F600B7EF6B /* GeoPhotosTests.swift */ = {isa = PBXFileReference; lastKnownFileType = sourcecode.swift; path = GeoPhotosTests.swift; sourceTree = "<group>"; };
		AAEAD4161D0698F600B7EF6B /* Info.plist */ = {isa = PBXFileReference; lastKnownFileType = text.plist.xml; path = Info.plist; sourceTree = "<group>"; };
		AAEAD4231D069A6200B7EF6B /* MapKit.framework */ = {isa = PBXFileReference; lastKnownFileType = wrapper.framework; name = MapKit.framework; path = System/Library/Frameworks/MapKit.framework; sourceTree = SDKROOT; };
		AAEAD4251D069A6800B7EF6B /* CoreLocation.framework */ = {isa = PBXFileReference; lastKnownFileType = wrapper.framework; name = CoreLocation.framework; path = System/Library/Frameworks/CoreLocation.framework; sourceTree = SDKROOT; };
		AAEAD4271D06A42900B7EF6B /* MainWindowController.swift */ = {isa = PBXFileReference; fileEncoding = 4; lastKnownFileType = sourcecode.swift; path = MainWindowController.swift; sourceTree = "<group>"; };
		AAEAD42C1D06B1F400B7EF6B /* ImageItem.swift */ = {isa = PBXFileReference; fileEncoding = 4; lastKnownFileType = sourcecode.swift; path = ImageItem.swift; sourceTree = "<group>"; };
		AAEAD42F1D06B4D500B7EF6B /* ExifUtils.swift */ = {isa = PBXFileReference; fileEncoding = 4; lastKnownFileType = sourcecode.swift; path = ExifUtils.swift; sourceTree = "<group>"; };
		AAEAD4321D06BC5A00B7EF6B /* NSURL+Extensions.swift */ = {isa = PBXFileReference; fileEncoding = 4; lastKnownFileType = sourcecode.swift; path = "NSURL+Extensions.swift"; sourceTree = "<group>"; };
		AAEAD4361D06BD3800B7EF6B /* Constants.swift */ = {isa = PBXFileReference; fileEncoding = 4; lastKnownFileType = sourcecode.swift; path = Constants.swift; sourceTree = "<group>"; };
		AAEBF8E11D092CB40025D405 /* ImageProcessor.swift */ = {isa = PBXFileReference; fileEncoding = 4; lastKnownFileType = sourcecode.swift; path = ImageProcessor.swift; sourceTree = "<group>"; };
		AAEBF8E31D0946B20025D405 /* DecimalOnlyNumberFormatter.swift */ = {isa = PBXFileReference; fileEncoding = 4; lastKnownFileType = sourcecode.swift; path = DecimalOnlyNumberFormatter.swift; sourceTree = "<group>"; };
		BFD6A398B0717E1DB72D2871 /* Pods-GeoPhotosTests.release.xcconfig */ = {isa = PBXFileReference; includeInIndex = 1; lastKnownFileType = text.xcconfig; name = "Pods-GeoPhotosTests.release.xcconfig"; path = "Pods/Target Support Files/Pods-GeoPhotosTests/Pods-GeoPhotosTests.release.xcconfig"; sourceTree = "<group>"; };
		E496B3011E1FF1A07661CC81 /* Pods-GeoPhotos.debug.xcconfig */ = {isa = PBXFileReference; includeInIndex = 1; lastKnownFileType = text.xcconfig; name = "Pods-GeoPhotos.debug.xcconfig"; path = "Pods/Target Support Files/Pods-GeoPhotos/Pods-GeoPhotos.debug.xcconfig"; sourceTree = "<group>"; };
/* End PBXFileReference section */

/* Begin PBXFrameworksBuildPhase section */
		AAEAD3FE1D0698F600B7EF6B /* Frameworks */ = {
			isa = PBXFrameworksBuildPhase;
			buildActionMask = 2147483647;
			files = (
				AAEAD4261D069A6800B7EF6B /* CoreLocation.framework in Frameworks */,
				AAEAD4241D069A6200B7EF6B /* MapKit.framework in Frameworks */,
				9C7C644AD9A2B0231132EBEA /* Pods_GeoPhotos.framework in Frameworks */,
			);
			runOnlyForDeploymentPostprocessing = 0;
		};
		AAEAD40D1D0698F600B7EF6B /* Frameworks */ = {
			isa = PBXFrameworksBuildPhase;
			buildActionMask = 2147483647;
			files = (
				881410D0D21139B40F2F07AF /* Pods_GeoPhotosTests.framework in Frameworks */,
			);
			runOnlyForDeploymentPostprocessing = 0;
		};
/* End PBXFrameworksBuildPhase section */

/* Begin PBXGroup section */
		4C71280D2157EEAC2804EA0F /* Frameworks */ = {
			isa = PBXGroup;
			children = (
				A11B2908224394312F19F73D /* Pods_GeoPhotos.framework */,
				51F1B064005A2A89D105C0A8 /* Pods_GeoPhotosTests.framework */,
			);
			name = Frameworks;
			sourceTree = "<group>";
		};
		9C5038BF21A12E376C90DD8E /* Pods */ = {
			isa = PBXGroup;
			children = (
				E496B3011E1FF1A07661CC81 /* Pods-GeoPhotos.debug.xcconfig */,
				2BCFD4076B2247311CD1E2E6 /* Pods-GeoPhotos.release.xcconfig */,
				9FB8962CF26D0B06A4AF9EA8 /* Pods-GeoPhotosTests.debug.xcconfig */,
				BFD6A398B0717E1DB72D2871 /* Pods-GeoPhotosTests.release.xcconfig */,
			);
			name = Pods;
			sourceTree = "<group>";
		};
		AA3CB69F1D0D6981001BAF16 /* Controllers */ = {
			isa = PBXGroup;
			children = (
				AA2A36C11D0D063C008C6231 /* ImagePreviewController.swift */,
				AAEAD4271D06A42900B7EF6B /* MainWindowController.swift */,
				AAE9316E1D0FF56C00A7238F /* MainWindowController.xib */,
				AA3CB6B01D0D6A17001BAF16 /* TabInfoViewController.swift */,
				AA3CB6B11D0D6A17001BAF16 /* TabInfoViewController.xib */,
				AA3CB6B21D0D6A17001BAF16 /* TabThumbViewController.swift */,
				AA3CB6B31D0D6A17001BAF16 /* TabThumbViewController.xib */,
				AA900EE61D0E5A89003FE31E /* ImageDetailViewController.swift */,
				AAE931751D0FF57C00A7238F /* ImageDetailViewController.xib */,
				AA3CB6AE1D0D6A17001BAF16 /* DetailTabViewController.swift */,
			);
			name = Controllers;
			sourceTree = "<group>";
		};
		AAEAD3F81D0698F600B7EF6B = {
			isa = PBXGroup;
			children = (
				AAEAD4251D069A6800B7EF6B /* CoreLocation.framework */,
				AAEAD4231D069A6200B7EF6B /* MapKit.framework */,
				AAEAD4031D0698F600B7EF6B /* GeoPhotos */,
				AAEAD4131D0698F600B7EF6B /* GeoPhotosTests */,
				AAEAD4021D0698F600B7EF6B /* Products */,
				9C5038BF21A12E376C90DD8E /* Pods */,
				4C71280D2157EEAC2804EA0F /* Frameworks */,
			);
			sourceTree = "<group>";
		};
		AAEAD4021D0698F600B7EF6B /* Products */ = {
			isa = PBXGroup;
			children = (
				AAEAD4011D0698F600B7EF6B /* GeoPhotos.app */,
				AAEAD4101D0698F600B7EF6B /* GeoPhotosTests.xctest */,
			);
			name = Products;
			sourceTree = "<group>";
		};
		AAEAD4031D0698F600B7EF6B /* GeoPhotos */ = {
			isa = PBXGroup;
			children = (
				AAE9317E1D0FFA3900A7238F /* Localizable.strings */,
				AA3CB69F1D0D6981001BAF16 /* Controllers */,
				AAEAD40B1D0698F600B7EF6B /* Info.plist */,
				AAEAD4041D0698F600B7EF6B /* AppDelegate.swift */,
				AAEAD4361D06BD3800B7EF6B /* Constants.swift */,
				AAEBF8E31D0946B20025D405 /* DecimalOnlyNumberFormatter.swift */,
				AAEBF8E11D092CB40025D405 /* ImageProcessor.swift */,
				AAEAD4061D0698F600B7EF6B /* Assets.xcassets */,
				AAEAD4311D06BC4900B7EF6B /* Extensions */,
				AAEAD4081D0698F600B7EF6B /* MainMenu.xib */,
				AAEAD42B1D06B1A800B7EF6B /* Models */,
				AAEAD42E1D06B4C400B7EF6B /* Utils */,
			);
			path = GeoPhotos;
			sourceTree = "<group>";
		};
		AAEAD4131D0698F600B7EF6B /* GeoPhotosTests */ = {
			isa = PBXGroup;
			children = (
				AAEAD4141D0698F600B7EF6B /* GeoPhotosTests.swift */,
				AAEAD4161D0698F600B7EF6B /* Info.plist */,
			);
			path = GeoPhotosTests;
			sourceTree = "<group>";
		};
		AAEAD42B1D06B1A800B7EF6B /* Models */ = {
			isa = PBXGroup;
			children = (
				AA3CB6AF1D0D6A17001BAF16 /* ImagePropertyItem.swift */,
				AAEAD42C1D06B1F400B7EF6B /* ImageItem.swift */,
			);
			name = Models;
			sourceTree = "<group>";
		};
		AAEAD42E1D06B4C400B7EF6B /* Utils */ = {
			isa = PBXGroup;
			children = (
				AA3CB6BA1D0D6A4F001BAF16 /* ImageHelper.swift */,
				AAEAD42F1D06B4D500B7EF6B /* ExifUtils.swift */,
			);
			name = Utils;
			sourceTree = "<group>";
		};
		AAEAD4311D06BC4900B7EF6B /* Extensions */ = {
			isa = PBXGroup;
			children = (
				AAEAD4321D06BC5A00B7EF6B /* NSURL+Extensions.swift */,
				AA6A00F11D0820AD0058E72F /* NSDateFormatter+Extensions.swift */,
			);
			name = Extensions;
			sourceTree = "<group>";
		};
/* End PBXGroup section */

/* Begin PBXNativeTarget section */
		AAEAD4001D0698F600B7EF6B /* GeoPhotos */ = {
			isa = PBXNativeTarget;
			buildConfigurationList = AAEAD4191D0698F600B7EF6B /* Build configuration list for PBXNativeTarget "GeoPhotos" */;
			buildPhases = (
				C831D4DDB6005BEEBE417BC5 /* [CP] Check Pods Manifest.lock */,
				AAEAD3FD1D0698F600B7EF6B /* Sources */,
				AAEAD3FE1D0698F600B7EF6B /* Frameworks */,
				AAEAD3FF1D0698F600B7EF6B /* Resources */,
				26EE03B7D502AEFBA8DA90C9 /* [CP] Embed Pods Frameworks */,
				9E8FA5F795FD675AB8EF1C15 /* [CP] Copy Pods Resources */,
			);
			buildRules = (
			);
			dependencies = (
			);
			name = GeoPhotos;
			productName = GeoPhotos;
			productReference = AAEAD4011D0698F600B7EF6B /* GeoPhotos.app */;
			productType = "com.apple.product-type.application";
		};
		AAEAD40F1D0698F600B7EF6B /* GeoPhotosTests */ = {
			isa = PBXNativeTarget;
			buildConfigurationList = AAEAD41C1D0698F600B7EF6B /* Build configuration list for PBXNativeTarget "GeoPhotosTests" */;
			buildPhases = (
				9FEE54F0B9469BB1C6D636E5 /* [CP] Check Pods Manifest.lock */,
				AAEAD40C1D0698F600B7EF6B /* Sources */,
				AAEAD40D1D0698F600B7EF6B /* Frameworks */,
				AAEAD40E1D0698F600B7EF6B /* Resources */,
				2F6EAB3926264C047E1C35DF /* [CP] Embed Pods Frameworks */,
				1E86A6AC3CFC20C2BF40F3A1 /* [CP] Copy Pods Resources */,
			);
			buildRules = (
			);
			dependencies = (
				AAEAD4121D0698F600B7EF6B /* PBXTargetDependency */,
			);
			name = GeoPhotosTests;
			productName = GeoPhotosTests;
			productReference = AAEAD4101D0698F600B7EF6B /* GeoPhotosTests.xctest */;
			productType = "com.apple.product-type.bundle.unit-test";
		};
/* End PBXNativeTarget section */

/* Begin PBXProject section */
		AAEAD3F91D0698F600B7EF6B /* Project object */ = {
			isa = PBXProject;
			attributes = {
				LastSwiftUpdateCheck = 0730;
				LastUpgradeCheck = 0730;
				ORGANIZATIONNAME = mcxiaoke;
				TargetAttributes = {
					AAEAD4001D0698F600B7EF6B = {
						CreatedOnToolsVersion = 7.3.1;
						DevelopmentTeam = 934E3APZSV;
					};
					AAEAD40F1D0698F600B7EF6B = {
						CreatedOnToolsVersion = 7.3.1;
						TestTargetID = AAEAD4001D0698F600B7EF6B;
					};
				};
			};
			buildConfigurationList = AAEAD3FC1D0698F600B7EF6B /* Build configuration list for PBXProject "GeoPhotos" */;
			compatibilityVersion = "Xcode 3.2";
			developmentRegion = English;
			hasScannedForEncodings = 0;
			knownRegions = (
				en,
				Base,
				"zh-Hans",
			);
			mainGroup = AAEAD3F81D0698F600B7EF6B;
			productRefGroup = AAEAD4021D0698F600B7EF6B /* Products */;
			projectDirPath = "";
			projectRoot = "";
			targets = (
				AAEAD4001D0698F600B7EF6B /* GeoPhotos */,
				AAEAD40F1D0698F600B7EF6B /* GeoPhotosTests */,
			);
		};
/* End PBXProject section */

/* Begin PBXResourcesBuildPhase section */
		AAEAD3FF1D0698F600B7EF6B /* Resources */ = {
			isa = PBXResourcesBuildPhase;
			buildActionMask = 2147483647;
			files = (
				AAEAD4071D0698F600B7EF6B /* Assets.xcassets in Resources */,
				AAE931731D0FF57C00A7238F /* ImageDetailViewController.xib in Resources */,
				AAE9316C1D0FF56C00A7238F /* MainWindowController.xib in Resources */,
				AAEAD40A1D0698F600B7EF6B /* MainMenu.xib in Resources */,
				AAE9317C1D0FFA3900A7238F /* Localizable.strings in Resources */,
				AA3CB6B71D0D6A17001BAF16 /* TabInfoViewController.xib in Resources */,
				AA3CB6B91D0D6A17001BAF16 /* TabThumbViewController.xib in Resources */,
			);
			runOnlyForDeploymentPostprocessing = 0;
		};
		AAEAD40E1D0698F600B7EF6B /* Resources */ = {
			isa = PBXResourcesBuildPhase;
			buildActionMask = 2147483647;
			files = (
			);
			runOnlyForDeploymentPostprocessing = 0;
		};
/* End PBXResourcesBuildPhase section */

/* Begin PBXShellScriptBuildPhase section */
		1E86A6AC3CFC20C2BF40F3A1 /* [CP] Copy Pods Resources */ = {
			isa = PBXShellScriptBuildPhase;
			buildActionMask = 2147483647;
			files = (
			);
			inputPaths = (
			);
			name = "[CP] Copy Pods Resources";
			outputPaths = (
			);
			runOnlyForDeploymentPostprocessing = 0;
			shellPath = /bin/sh;
			shellScript = "\"${SRCROOT}/Pods/Target Support Files/Pods-GeoPhotosTests/Pods-GeoPhotosTests-resources.sh\"\n";
			showEnvVarsInLog = 0;
		};
		26EE03B7D502AEFBA8DA90C9 /* [CP] Embed Pods Frameworks */ = {
			isa = PBXShellScriptBuildPhase;
			buildActionMask = 2147483647;
			files = (
			);
			inputPaths = (
			);
			name = "[CP] Embed Pods Frameworks";
			outputPaths = (
			);
			runOnlyForDeploymentPostprocessing = 0;
			shellPath = /bin/sh;
			shellScript = "\"${SRCROOT}/Pods/Target Support Files/Pods-GeoPhotos/Pods-GeoPhotos-frameworks.sh\"\n";
			showEnvVarsInLog = 0;
		};
		2F6EAB3926264C047E1C35DF /* [CP] Embed Pods Frameworks */ = {
			isa = PBXShellScriptBuildPhase;
			buildActionMask = 2147483647;
			files = (
			);
			inputPaths = (
			);
			name = "[CP] Embed Pods Frameworks";
			outputPaths = (
			);
			runOnlyForDeploymentPostprocessing = 0;
			shellPath = /bin/sh;
			shellScript = "\"${SRCROOT}/Pods/Target Support Files/Pods-GeoPhotosTests/Pods-GeoPhotosTests-frameworks.sh\"\n";
			showEnvVarsInLog = 0;
		};
		9E8FA5F795FD675AB8EF1C15 /* [CP] Copy Pods Resources */ = {
			isa = PBXShellScriptBuildPhase;
			buildActionMask = 2147483647;
			files = (
			);
			inputPaths = (
			);
			name = "[CP] Copy Pods Resources";
			outputPaths = (
			);
			runOnlyForDeploymentPostprocessing = 0;
			shellPath = /bin/sh;
			shellScript = "\"${SRCROOT}/Pods/Target Support Files/Pods-GeoPhotos/Pods-GeoPhotos-resources.sh\"\n";
			showEnvVarsInLog = 0;
		};
		9FEE54F0B9469BB1C6D636E5 /* [CP] Check Pods Manifest.lock */ = {
			isa = PBXShellScriptBuildPhase;
			buildActionMask = 2147483647;
			files = (
			);
			inputPaths = (
			);
			name = "[CP] Check Pods Manifest.lock";
			outputPaths = (
			);
			runOnlyForDeploymentPostprocessing = 0;
			shellPath = /bin/sh;
			shellScript = "diff \"${PODS_ROOT}/../Podfile.lock\" \"${PODS_ROOT}/Manifest.lock\" > /dev/null\nif [[ $? != 0 ]] ; then\n    cat << EOM\nerror: The sandbox is not in sync with the Podfile.lock. Run 'pod install' or update your CocoaPods installation.\nEOM\n    exit 1\nfi\n";
			showEnvVarsInLog = 0;
		};
		C831D4DDB6005BEEBE417BC5 /* [CP] Check Pods Manifest.lock */ = {
			isa = PBXShellScriptBuildPhase;
			buildActionMask = 2147483647;
			files = (
			);
			inputPaths = (
			);
			name = "[CP] Check Pods Manifest.lock";
			outputPaths = (
			);
			runOnlyForDeploymentPostprocessing = 0;
			shellPath = /bin/sh;
			shellScript = "diff \"${PODS_ROOT}/../Podfile.lock\" \"${PODS_ROOT}/Manifest.lock\" > /dev/null\nif [[ $? != 0 ]] ; then\n    cat << EOM\nerror: The sandbox is not in sync with the Podfile.lock. Run 'pod install' or update your CocoaPods installation.\nEOM\n    exit 1\nfi\n";
			showEnvVarsInLog = 0;
		};
/* End PBXShellScriptBuildPhase section */

/* Begin PBXSourcesBuildPhase section */
		AAEAD3FD1D0698F600B7EF6B /* Sources */ = {
			isa = PBXSourcesBuildPhase;
			buildActionMask = 2147483647;
			files = (
				AAEAD42D1D06B1F400B7EF6B /* ImageItem.swift in Sources */,
				AAEBF8E21D092CB40025D405 /* ImageProcessor.swift in Sources */,
				AAEBF8E41D0946B20025D405 /* DecimalOnlyNumberFormatter.swift in Sources */,
				AA3CB6B51D0D6A17001BAF16 /* ImagePropertyItem.swift in Sources */,
				AAEAD4291D06A42900B7EF6B /* MainWindowController.swift in Sources */,
				AAEAD4331D06BC5A00B7EF6B /* NSURL+Extensions.swift in Sources */,
				AA3CB6B41D0D6A17001BAF16 /* DetailTabViewController.swift in Sources */,
				AA2A36C31D0D063C008C6231 /* ImagePreviewController.swift in Sources */,
				AAEAD4371D06BD3800B7EF6B /* Constants.swift in Sources */,
				AAEAD4301D06B4D500B7EF6B /* ExifUtils.swift in Sources */,
				AA6A00F21D0820AD0058E72F /* NSDateFormatter+Extensions.swift in Sources */,
				AA3CB6B61D0D6A17001BAF16 /* TabInfoViewController.swift in Sources */,
				AA3CB6B81D0D6A17001BAF16 /* TabThumbViewController.swift in Sources */,
				AA900EE81D0E5A89003FE31E /* ImageDetailViewController.swift in Sources */,
				AAEAD4051D0698F600B7EF6B /* AppDelegate.swift in Sources */,
				AA3CB6BB1D0D6A4F001BAF16 /* ImageHelper.swift in Sources */,
			);
			runOnlyForDeploymentPostprocessing = 0;
		};
		AAEAD40C1D0698F600B7EF6B /* Sources */ = {
			isa = PBXSourcesBuildPhase;
			buildActionMask = 2147483647;
			files = (
				AAEAD4151D0698F600B7EF6B /* GeoPhotosTests.swift in Sources */,
			);
			runOnlyForDeploymentPostprocessing = 0;
		};
/* End PBXSourcesBuildPhase section */

/* Begin PBXTargetDependency section */
		AAEAD4121D0698F600B7EF6B /* PBXTargetDependency */ = {
			isa = PBXTargetDependency;
			target = AAEAD4001D0698F600B7EF6B /* GeoPhotos */;
			targetProxy = AAEAD4111D0698F600B7EF6B /* PBXContainerItemProxy */;
		};
/* End PBXTargetDependency section */

/* Begin PBXVariantGroup section */
		AAE9316E1D0FF56C00A7238F /* MainWindowController.xib */ = {
			isa = PBXVariantGroup;
			children = (
				AAE9316D1D0FF56C00A7238F /* Base */,
				AAE931701D0FF56E00A7238F /* en */,
				AAE931721D0FF57000A7238F /* zh-Hans */,
			);
			name = MainWindowController.xib;
			sourceTree = "<group>";
		};
		AAE931751D0FF57C00A7238F /* ImageDetailViewController.xib */ = {
			isa = PBXVariantGroup;
			children = (
				AAE931741D0FF57C00A7238F /* Base */,
				AAE931771D0FF57E00A7238F /* en */,
				AAE931791D0FF58000A7238F /* zh-Hans */,
			);
			name = ImageDetailViewController.xib;
			sourceTree = "<group>";
		};
		AAE9317E1D0FFA3900A7238F /* Localizable.strings */ = {
			isa = PBXVariantGroup;
			children = (
				AAE9317D1D0FFA3900A7238F /* Base */,
				AAE9317F1D0FFA3B00A7238F /* en */,
				AAE931801D0FFA3C00A7238F /* zh-Hans */,
			);
			name = Localizable.strings;
			sourceTree = "<group>";
		};
		AAEAD4081D0698F600B7EF6B /* MainMenu.xib */ = {
			isa = PBXVariantGroup;
			children = (
				AAEAD4091D0698F600B7EF6B /* Base */,
				AAE931621D0FF54800A7238F /* en */,
				AAE931641D0FF54A00A7238F /* zh-Hans */,
			);
			name = MainMenu.xib;
			sourceTree = "<group>";
		};
/* End PBXVariantGroup section */

/* Begin XCBuildConfiguration section */
		AAEAD4171D0698F600B7EF6B /* Debug */ = {
			isa = XCBuildConfiguration;
			buildSettings = {
				ALWAYS_SEARCH_USER_PATHS = NO;
				CLANG_ANALYZER_NONNULL = YES;
				CLANG_CXX_LANGUAGE_STANDARD = "gnu++0x";
				CLANG_CXX_LIBRARY = "libc++";
				CLANG_ENABLE_MODULES = YES;
				CLANG_ENABLE_OBJC_ARC = YES;
				CLANG_WARN_BOOL_CONVERSION = YES;
				CLANG_WARN_CONSTANT_CONVERSION = YES;
				CLANG_WARN_DIRECT_OBJC_ISA_USAGE = YES_ERROR;
				CLANG_WARN_EMPTY_BODY = YES;
				CLANG_WARN_ENUM_CONVERSION = YES;
				CLANG_WARN_INT_CONVERSION = YES;
				CLANG_WARN_OBJC_ROOT_CLASS = YES_ERROR;
				CLANG_WARN_UNREACHABLE_CODE = YES;
				CLANG_WARN__DUPLICATE_METHOD_MATCH = YES;
				CODE_SIGN_IDENTITY = "-";
				COPY_PHASE_STRIP = NO;
				DEBUG_INFORMATION_FORMAT = dwarf;
				ENABLE_STRICT_OBJC_MSGSEND = YES;
				ENABLE_TESTABILITY = YES;
				GCC_C_LANGUAGE_STANDARD = gnu99;
				GCC_DYNAMIC_NO_PIC = NO;
				GCC_NO_COMMON_BLOCKS = YES;
				GCC_OPTIMIZATION_LEVEL = 0;
				GCC_PREPROCESSOR_DEFINITIONS = (
					"DEBUG=1",
					"$(inherited)",
				);
				GCC_WARN_64_TO_32_BIT_CONVERSION = YES;
				GCC_WARN_ABOUT_RETURN_TYPE = YES_ERROR;
				GCC_WARN_UNDECLARED_SELECTOR = YES;
				GCC_WARN_UNINITIALIZED_AUTOS = YES_AGGRESSIVE;
				GCC_WARN_UNUSED_FUNCTION = YES;
				GCC_WARN_UNUSED_VARIABLE = YES;
				MACOSX_DEPLOYMENT_TARGET = 10.11;
				MTL_ENABLE_DEBUG_INFO = YES;
				ONLY_ACTIVE_ARCH = YES;
				SDKROOT = macosx;
				SWIFT_OPTIMIZATION_LEVEL = "-Onone";
			};
			name = Debug;
		};
		AAEAD4181D0698F600B7EF6B /* Release */ = {
			isa = XCBuildConfiguration;
			buildSettings = {
				ALWAYS_SEARCH_USER_PATHS = NO;
				CLANG_ANALYZER_NONNULL = YES;
				CLANG_CXX_LANGUAGE_STANDARD = "gnu++0x";
				CLANG_CXX_LIBRARY = "libc++";
				CLANG_ENABLE_MODULES = YES;
				CLANG_ENABLE_OBJC_ARC = YES;
				CLANG_WARN_BOOL_CONVERSION = YES;
				CLANG_WARN_CONSTANT_CONVERSION = YES;
				CLANG_WARN_DIRECT_OBJC_ISA_USAGE = YES_ERROR;
				CLANG_WARN_EMPTY_BODY = YES;
				CLANG_WARN_ENUM_CONVERSION = YES;
				CLANG_WARN_INT_CONVERSION = YES;
				CLANG_WARN_OBJC_ROOT_CLASS = YES_ERROR;
				CLANG_WARN_UNREACHABLE_CODE = YES;
				CLANG_WARN__DUPLICATE_METHOD_MATCH = YES;
				CODE_SIGN_IDENTITY = "-";
				COPY_PHASE_STRIP = NO;
				DEBUG_INFORMATION_FORMAT = "dwarf-with-dsym";
				ENABLE_NS_ASSERTIONS = NO;
				ENABLE_STRICT_OBJC_MSGSEND = YES;
				GCC_C_LANGUAGE_STANDARD = gnu99;
				GCC_NO_COMMON_BLOCKS = YES;
				GCC_WARN_64_TO_32_BIT_CONVERSION = YES;
				GCC_WARN_ABOUT_RETURN_TYPE = YES_ERROR;
				GCC_WARN_UNDECLARED_SELECTOR = YES;
				GCC_WARN_UNINITIALIZED_AUTOS = YES_AGGRESSIVE;
				GCC_WARN_UNUSED_FUNCTION = YES;
				GCC_WARN_UNUSED_VARIABLE = YES;
				MACOSX_DEPLOYMENT_TARGET = 10.11;
				MTL_ENABLE_DEBUG_INFO = NO;
				SDKROOT = macosx;
			};
			name = Release;
		};
		AAEAD41A1D0698F600B7EF6B /* Debug */ = {
			isa = XCBuildConfiguration;
			baseConfigurationReference = E496B3011E1FF1A07661CC81 /* Pods-GeoPhotos.debug.xcconfig */;
			buildSettings = {
				ASSETCATALOG_COMPILER_APPICON_NAME = AppIcon;
				"CODE_SIGN_IDENTITY[sdk=macosx*]" = "Mac Developer";
				COMBINE_HIDPI_IMAGES = YES;
				INFOPLIST_FILE = GeoPhotos/Info.plist;
				LD_RUNPATH_SEARCH_PATHS = "$(inherited) @executable_path/../Frameworks";
				MACOSX_DEPLOYMENT_TARGET = 10.10;
				PRODUCT_BUNDLE_IDENTIFIER = com.mcxiaoke.osx.GeoPhotos;
				PRODUCT_NAME = "$(TARGET_NAME)";
				PROVISIONING_PROFILE = "";
			};
			name = Debug;
		};
		AAEAD41B1D0698F600B7EF6B /* Release */ = {
			isa = XCBuildConfiguration;
			baseConfigurationReference = 2BCFD4076B2247311CD1E2E6 /* Pods-GeoPhotos.release.xcconfig */;
			buildSettings = {
				ASSETCATALOG_COMPILER_APPICON_NAME = AppIcon;
				"CODE_SIGN_IDENTITY[sdk=macosx*]" = "Mac Developer";
				COMBINE_HIDPI_IMAGES = YES;
				INFOPLIST_FILE = GeoPhotos/Info.plist;
				LD_RUNPATH_SEARCH_PATHS = "$(inherited) @executable_path/../Frameworks";
				MACOSX_DEPLOYMENT_TARGET = 10.10;
				PRODUCT_BUNDLE_IDENTIFIER = com.mcxiaoke.osx.GeoPhotos;
				PRODUCT_NAME = "$(TARGET_NAME)";
				PROVISIONING_PROFILE = "";
			};
			name = Release;
		};
		AAEAD41D1D0698F600B7EF6B /* Debug */ = {
			isa = XCBuildConfiguration;
			baseConfigurationReference = 9FB8962CF26D0B06A4AF9EA8 /* Pods-GeoPhotosTests.debug.xcconfig */;
			buildSettings = {
				BUNDLE_LOADER = "$(TEST_HOST)";
				COMBINE_HIDPI_IMAGES = YES;
				INFOPLIST_FILE = GeoPhotosTests/Info.plist;
				LD_RUNPATH_SEARCH_PATHS = "$(inherited) @executable_path/../Frameworks @loader_path/../Frameworks";
				PRODUCT_BUNDLE_IDENTIFIER = com.mcxiaoke.osx.GeoPhotosTests;
				PRODUCT_NAME = "$(TARGET_NAME)";
				TEST_HOST = "$(BUILT_PRODUCTS_DIR)/GeoPhotos.app/Contents/MacOS/GeoPhotos";
			};
			name = Debug;
		};
		AAEAD41E1D0698F600B7EF6B /* Release */ = {
			isa = XCBuildConfiguration;
			baseConfigurationReference = BFD6A398B0717E1DB72D2871 /* Pods-GeoPhotosTests.release.xcconfig */;
			buildSettings = {
				BUNDLE_LOADER = "$(TEST_HOST)";
				COMBINE_HIDPI_IMAGES = YES;
				INFOPLIST_FILE = GeoPhotosTests/Info.plist;
				LD_RUNPATH_SEARCH_PATHS = "$(inherited) @executable_path/../Frameworks @loader_path/../Frameworks";
				PRODUCT_BUNDLE_IDENTIFIER = com.mcxiaoke.osx.GeoPhotosTests;
				PRODUCT_NAME = "$(TARGET_NAME)";
				TEST_HOST = "$(BUILT_PRODUCTS_DIR)/GeoPhotos.app/Contents/MacOS/GeoPhotos";
			};
			name = Release;
		};
/* End XCBuildConfiguration section */

/* Begin XCConfigurationList section */
		AAEAD3FC1D0698F600B7EF6B /* Build configuration list for PBXProject "GeoPhotos" */ = {
			isa = XCConfigurationList;
			buildConfigurations = (
				AAEAD4171D0698F600B7EF6B /* Debug */,
				AAEAD4181D0698F600B7EF6B /* Release */,
			);
			defaultConfigurationIsVisible = 0;
			defaultConfigurationName = Release;
		};
		AAEAD4191D0698F600B7EF6B /* Build configuration list for PBXNativeTarget "GeoPhotos" */ = {
			isa = XCConfigurationList;
			buildConfigurations = (
				AAEAD41A1D0698F600B7EF6B /* Debug */,
				AAEAD41B1D0698F600B7EF6B /* Release */,
			);
			defaultConfigurationIsVisible = 0;
			defaultConfigurationName = Release;
		};
		AAEAD41C1D0698F600B7EF6B /* Build configuration list for PBXNativeTarget "GeoPhotosTests" */ = {
			isa = XCConfigurationList;
			buildConfigurations = (
				AAEAD41D1D0698F600B7EF6B /* Debug */,
				AAEAD41E1D0698F600B7EF6B /* Release */,
			);
			defaultConfigurationIsVisible = 0;
			defaultConfigurationName = Release;
		};
/* End XCConfigurationList section */
	};
	rootObject = AAEAD3F91D0698F600B7EF6B /* Project object */;
}
